// !!! This is a template. You need to create the Xcode project properly.
// To create the project:
// 1. Open Xcode (on Mac or cloud Mac)
// 2. File → New → Project
// 3. Choose iOS → App
// 4. Name: KsynicSwift
// 5. Interface: SwiftUI
// 6. Language: Swift
// 7. Save in KsynicSwift folder

// This file will be auto-generated by Xcode.
// For now, use the structure below as reference.


